
Microsoft Visual Studio Solution File, Format Version 12.00
# Visual Studio Version 17
VisualStudioVersion = 17.13.35828.75 d17.13
MinimumVisualStudioVersion = 10.0.40219.1
Project("{FAE04EC0-301F-11D3-BF4B-00C04F79EFBC}") = "Kependudukan", "Kependudukan\Kependudukan.csproj", "{5C8E8A98-C026-45DC-9D98-E5B1B727A8AF}"
EndProject
Global
	GlobalSection(SolutionConfigurationPlatforms) = preSolution
		Debug|Any CPU = Debug|Any CPU
		Release|Any CPU = Release|Any CPU
	EndGlobalSection
	GlobalSection(ProjectConfigurationPlatforms) = postSolution
		{5C8E8A98-C026-45DC-9D98-E5B1B727A8AF}.Debug|Any CPU.ActiveCfg = Debug|Any CPU
		{5C8E8A98-C026-45DC-9D98-E5B1B727A8AF}.Debug|Any CPU.Build.0 = Debug|Any CPU
		{5C8E8A98-C026-45DC-9D98-E5B1B727A8AF}.Release|Any CPU.ActiveCfg = Release|Any CPU
		{5C8E8A98-C026-45DC-9D98-E5B1B727A8AF}.Release|Any CPU.Build.0 = Release|Any CPU
	EndGlobalSection
	GlobalSection(SolutionProperties) = preSolution
		HideSolutionNode = FALSE
	EndGlobalSection
	GlobalSection(ExtensibilityGlobals) = postSolution
		SolutionGuid = {2D980EC8-B111-495A-BFB1-400C9D7E7069}
	EndGlobalSection
EndGlobal
